github.com/cnnrznn/gomr v0.0.0-20200511183542-d02db203fe09 h1:lFUWviLH57cRJu1y5L+YwRvPWns1Z1cvLRAPdYhlm5E=
github.com/cnnrznn/gomr v0.0.0-20200511183542-d02db203fe09/go.mod h1:HTmBDeCOj45wP+1Bcr9TOiRktebVlIQabXNlrzc2KeM=
github.com/cnnrznn/wordcounter v0.0.0-20200519141550-11e534fa5b5e h1:BMttu6nqrb0PHHRg6Eb62G05DoaQW8dEZmqZvnhBmRM=
github.com/cnnrznn/wordcounter v0.0.0-20200519141550-11e534fa5b5e/go.mod h1:eyDWnJ9VgZax7FILFViMZsShxsYdDZG8OXE4r90gp8M=
